
Microsoft Visual Studio Solution File, Format Version 12.00
# Visual Studio 14
VisualStudioVersion = 14.0.25123.0
MinimumVisualStudioVersion = 10.0.40219.1
Project("{FAE04EC0-301F-11D3-BF4B-00C04F79EFBC}") = "YoctoScheduler.Core", "YoctoScheduler.Core\YoctoScheduler.Core.csproj", "{E289D503-5962-461A-BE49-27D7394045E9}"
EndProject
Project("{FAE04EC0-301F-11D3-BF4B-00C04F79EFBC}") = "YoctoScheduler.WebAPI", "YoctoScheduler.WebAPI\YoctoScheduler.WebAPI.csproj", "{2BCE1CC6-06B6-414E-97A8-64577661A315}"
EndProject
Project("{FAE04EC0-301F-11D3-BF4B-00C04F79EFBC}") = "YoctoScheduler.ServiceHost", "YoctoScheduler.ServiceHost\YoctoScheduler.ServiceHost.csproj", "{D39CCB0A-A701-44E6-BF9D-4A6A66D489AA}"
EndProject
Project("{FAE04EC0-301F-11D3-BF4B-00C04F79EFBC}") = "YoctoScheduler.UnitTest", "YoctoScheduler.UnitTest\YoctoScheduler.UnitTest.csproj", "{C115E495-767A-4659-AFCC-4F5B390BBA29}"
EndProject
Project("{FAE04EC0-301F-11D3-BF4B-00C04F79EFBC}") = "YoctoScheduler.Web", "YoctoScheduler.Web\YoctoScheduler.Web.csproj", "{905702FA-F3E7-464E-9E4E-64D6D4B1886E}"
EndProject
Project("{FAE04EC0-301F-11D3-BF4B-00C04F79EFBC}") = "YoctoScheduler.Logging.Extensions", "YoctoScheduler.Logging.Extensions\YoctoScheduler.Logging.Extensions.csproj", "{6AB13F1D-D207-4664-B2D5-62A096A3720F}"
EndProject
Global
	GlobalSection(SolutionConfigurationPlatforms) = preSolution
		Debug|Any CPU = Debug|Any CPU
		Release|Any CPU = Release|Any CPU
	EndGlobalSection
	GlobalSection(ProjectConfigurationPlatforms) = postSolution
		{E289D503-5962-461A-BE49-27D7394045E9}.Debug|Any CPU.ActiveCfg = Debug|Any CPU
		{E289D503-5962-461A-BE49-27D7394045E9}.Debug|Any CPU.Build.0 = Debug|Any CPU
		{E289D503-5962-461A-BE49-27D7394045E9}.Release|Any CPU.ActiveCfg = Release|Any CPU
		{E289D503-5962-461A-BE49-27D7394045E9}.Release|Any CPU.Build.0 = Release|Any CPU
		{2BCE1CC6-06B6-414E-97A8-64577661A315}.Debug|Any CPU.ActiveCfg = Debug|Any CPU
		{2BCE1CC6-06B6-414E-97A8-64577661A315}.Debug|Any CPU.Build.0 = Debug|Any CPU
		{2BCE1CC6-06B6-414E-97A8-64577661A315}.Release|Any CPU.ActiveCfg = Release|Any CPU
		{2BCE1CC6-06B6-414E-97A8-64577661A315}.Release|Any CPU.Build.0 = Release|Any CPU
		{D39CCB0A-A701-44E6-BF9D-4A6A66D489AA}.Debug|Any CPU.ActiveCfg = Debug|Any CPU
		{D39CCB0A-A701-44E6-BF9D-4A6A66D489AA}.Debug|Any CPU.Build.0 = Debug|Any CPU
		{D39CCB0A-A701-44E6-BF9D-4A6A66D489AA}.Release|Any CPU.ActiveCfg = Release|Any CPU
		{D39CCB0A-A701-44E6-BF9D-4A6A66D489AA}.Release|Any CPU.Build.0 = Release|Any CPU
		{C115E495-767A-4659-AFCC-4F5B390BBA29}.Debug|Any CPU.ActiveCfg = Debug|Any CPU
		{C115E495-767A-4659-AFCC-4F5B390BBA29}.Debug|Any CPU.Build.0 = Debug|Any CPU
		{C115E495-767A-4659-AFCC-4F5B390BBA29}.Release|Any CPU.ActiveCfg = Release|Any CPU
		{C115E495-767A-4659-AFCC-4F5B390BBA29}.Release|Any CPU.Build.0 = Release|Any CPU
		{905702FA-F3E7-464E-9E4E-64D6D4B1886E}.Debug|Any CPU.ActiveCfg = Debug|Any CPU
		{905702FA-F3E7-464E-9E4E-64D6D4B1886E}.Debug|Any CPU.Build.0 = Debug|Any CPU
		{905702FA-F3E7-464E-9E4E-64D6D4B1886E}.Release|Any CPU.ActiveCfg = Release|Any CPU
		{905702FA-F3E7-464E-9E4E-64D6D4B1886E}.Release|Any CPU.Build.0 = Release|Any CPU
		{6AB13F1D-D207-4664-B2D5-62A096A3720F}.Debug|Any CPU.ActiveCfg = Debug|Any CPU
		{6AB13F1D-D207-4664-B2D5-62A096A3720F}.Debug|Any CPU.Build.0 = Debug|Any CPU
		{6AB13F1D-D207-4664-B2D5-62A096A3720F}.Release|Any CPU.ActiveCfg = Release|Any CPU
		{6AB13F1D-D207-4664-B2D5-62A096A3720F}.Release|Any CPU.Build.0 = Release|Any CPU
	EndGlobalSection
	GlobalSection(SolutionProperties) = preSolution
		HideSolutionNode = FALSE
	EndGlobalSection
EndGlobal
